
Microsoft Visual Studio Solution File, Format Version 12.00
# Visual Studio Version 16
VisualStudioVersion = 16.0.30907.101
MinimumVisualStudioVersion = 10.0.40219.1
Project("{2150E333-8FDC-42A3-9474-1A3956D46DE8}") = "src", "src", "{AA59E931-4E53-4230-A677-3840E602C63E}"
EndProject
Project("{FAE04EC0-301F-11D3-BF4B-00C04F79EFBC}") = "Domian", "Domian\Domian.csproj", "{1CC4AF8A-5301-4CDF-A230-E1DA2DF07F3E}"
EndProject
Project("{FAE04EC0-301F-11D3-BF4B-00C04F79EFBC}") = "Infrastructure", "Infrastructure\Infrastructure.csproj", "{4AC6211C-75AB-4FE5-865B-DDD794DCF9F1}"
EndProject
Project("{FAE04EC0-301F-11D3-BF4B-00C04F79EFBC}") = "Application", "Application\Application.csproj", "{9D1DCDEA-53E8-446E-B948-F343AE455CDC}"
EndProject
Project("{FAE04EC0-301F-11D3-BF4B-00C04F79EFBC}") = "WebAPI", "WebAPI\WebAPI.csproj", "{DE484E86-B7DC-4E29-B8AE-E24B1B532F3D}"
EndProject
Global
	GlobalSection(SolutionConfigurationPlatforms) = preSolution
		Debug|Any CPU = Debug|Any CPU
		Release|Any CPU = Release|Any CPU
	EndGlobalSection
	GlobalSection(ProjectConfigurationPlatforms) = postSolution
		{1CC4AF8A-5301-4CDF-A230-E1DA2DF07F3E}.Debug|Any CPU.ActiveCfg = Debug|Any CPU
		{1CC4AF8A-5301-4CDF-A230-E1DA2DF07F3E}.Debug|Any CPU.Build.0 = Debug|Any CPU
		{1CC4AF8A-5301-4CDF-A230-E1DA2DF07F3E}.Release|Any CPU.ActiveCfg = Release|Any CPU
		{1CC4AF8A-5301-4CDF-A230-E1DA2DF07F3E}.Release|Any CPU.Build.0 = Release|Any CPU
		{4AC6211C-75AB-4FE5-865B-DDD794DCF9F1}.Debug|Any CPU.ActiveCfg = Debug|Any CPU
		{4AC6211C-75AB-4FE5-865B-DDD794DCF9F1}.Debug|Any CPU.Build.0 = Debug|Any CPU
		{4AC6211C-75AB-4FE5-865B-DDD794DCF9F1}.Release|Any CPU.ActiveCfg = Release|Any CPU
		{4AC6211C-75AB-4FE5-865B-DDD794DCF9F1}.Release|Any CPU.Build.0 = Release|Any CPU
		{9D1DCDEA-53E8-446E-B948-F343AE455CDC}.Debug|Any CPU.ActiveCfg = Debug|Any CPU
		{9D1DCDEA-53E8-446E-B948-F343AE455CDC}.Debug|Any CPU.Build.0 = Debug|Any CPU
		{9D1DCDEA-53E8-446E-B948-F343AE455CDC}.Release|Any CPU.ActiveCfg = Release|Any CPU
		{9D1DCDEA-53E8-446E-B948-F343AE455CDC}.Release|Any CPU.Build.0 = Release|Any CPU
		{DE484E86-B7DC-4E29-B8AE-E24B1B532F3D}.Debug|Any CPU.ActiveCfg = Debug|Any CPU
		{DE484E86-B7DC-4E29-B8AE-E24B1B532F3D}.Debug|Any CPU.Build.0 = Debug|Any CPU
		{DE484E86-B7DC-4E29-B8AE-E24B1B532F3D}.Release|Any CPU.ActiveCfg = Release|Any CPU
		{DE484E86-B7DC-4E29-B8AE-E24B1B532F3D}.Release|Any CPU.Build.0 = Release|Any CPU
	EndGlobalSection
	GlobalSection(SolutionProperties) = preSolution
		HideSolutionNode = FALSE
	EndGlobalSection
	GlobalSection(NestedProjects) = preSolution
		{1CC4AF8A-5301-4CDF-A230-E1DA2DF07F3E} = {AA59E931-4E53-4230-A677-3840E602C63E}
		{4AC6211C-75AB-4FE5-865B-DDD794DCF9F1} = {AA59E931-4E53-4230-A677-3840E602C63E}
		{9D1DCDEA-53E8-446E-B948-F343AE455CDC} = {AA59E931-4E53-4230-A677-3840E602C63E}
		{DE484E86-B7DC-4E29-B8AE-E24B1B532F3D} = {AA59E931-4E53-4230-A677-3840E602C63E}
	EndGlobalSection
	GlobalSection(ExtensibilityGlobals) = postSolution
		SolutionGuid = {4EEB870E-1405-462E-91D4-4A76C2A7C8BC}
	EndGlobalSection
EndGlobal
